
Microsoft Visual Studio Solution File, Format Version 12.00
# Visual Studio Version 16
VisualStudioVersion = 16.0.31702.278
MinimumVisualStudioVersion = 10.0.40219.1
Project("{FAE04EC0-301F-11D3-BF4B-00C04F79EFBC}") = "Homework2_1", "Homework2_1\Homework2_1.csproj", "{DD996FAA-BCB5-4A12-A82F-49EA400F8AE8}"
EndProject
Global
	GlobalSection(SolutionConfigurationPlatforms) = preSolution
		Debug|Any CPU = Debug|Any CPU
		Release|Any CPU = Release|Any CPU
	EndGlobalSection
	GlobalSection(ProjectConfigurationPlatforms) = postSolution
		{DD996FAA-BCB5-4A12-A82F-49EA400F8AE8}.Debug|Any CPU.ActiveCfg = Debug|Any CPU
		{DD996FAA-BCB5-4A12-A82F-49EA400F8AE8}.Debug|Any CPU.Build.0 = Debug|Any CPU
		{DD996FAA-BCB5-4A12-A82F-49EA400F8AE8}.Release|Any CPU.ActiveCfg = Release|Any CPU
		{DD996FAA-BCB5-4A12-A82F-49EA400F8AE8}.Release|Any CPU.Build.0 = Release|Any CPU
	EndGlobalSection
	GlobalSection(SolutionProperties) = preSolution
		HideSolutionNode = FALSE
	EndGlobalSection
	GlobalSection(ExtensibilityGlobals) = postSolution
		SolutionGuid = {D06EE845-F51F-4D9A-95AF-A2585A7A1717}
	EndGlobalSection
EndGlobal
